PODS:
  - Flutter (1.0.0)
  - flutter_azure_b2c (0.0.1):
    - Flutter

DEPENDENCIES:
  - Flutter (from `Flutter`)
  - flutter_azure_b2c (from `.symlinks/plugins/flutter_azure_b2c/ios`)

EXTERNAL SOURCES:
  Flutter:
    :path: Flutter
  flutter_azure_b2c:
    :path: ".symlinks/plugins/flutter_azure_b2c/ios"

SPEC CHECKSUMS:
  Flutter: 50d75fe2f02b26cc09d224853bb45737f8b3214a
  flutter_azure_b2c: 9574d0c702b201c15c829e860b8f803c3e6b0882

PODFILE CHECKSUM: aafe91acc616949ddb318b77800a7f51bffa2a4c

COCOAPODS: 1.11.2
